// !$*UTF8*$!
{
	archiveVersion = 1;
	classes = {
	};
	objectVersion = 46;
	objects = {

/* Begin PBXBuildFile section */
		2ADAA75D1F72E00000FFC3C9 /* AppDelegate.swift in Sources */ = {isa = PBXBuildFile; fileRef = 2ADAA75C1F72E00000FFC3C9 /* AppDelegate.swift */; };
		2ADAA75F1F72E00000FFC3C9 /* ViewController.swift in Sources */ = {isa = PBXBuildFile; fileRef = 2ADAA75E1F72E00000FFC3C9 /* ViewController.swift */; };
		2ADAA7621F72E00000FFC3C9 /* Main.storyboard in Resources */ = {isa = PBXBuildFile; fileRef = 2ADAA7601F72E00000FFC3C9 /* Main.storyboard */; };
		2ADAA7641F72E00000FFC3C9 /* Assets.xcassets in Resources */ = {isa = PBXBuildFile; fileRef = 2ADAA7631F72E00000FFC3C9 /* Assets.xcassets */; };
		2ADAA7671F72E00000FFC3C9 /* LaunchScreen.storyboard in Resources */ = {isa = PBXBuildFile; fileRef = 2ADAA7651F72E00000FFC3C9 /* LaunchScreen.storyboard */; };
		2ADAA7721F72E00000FFC3C9 /* draw_testTests.swift in Sources */ = {isa = PBXBuildFile; fileRef = 2ADAA7711F72E00000FFC3C9 /* draw_testTests.swift */; };
		2ADAA77D1F72E00100FFC3C9 /* draw_testUITests.swift in Sources */ = {isa = PBXBuildFile; fileRef = 2ADAA77C1F72E00100FFC3C9 /* draw_testUITests.swift */; };
/* End PBXBuildFile section */

/* Begin PBXContainerItemProxy section */
		2ADAA76E1F72E00000FFC3C9 /* PBXContainerItemProxy */ = {
			isa = PBXContainerItemProxy;
			containerPortal = 2ADAA7511F72E00000FFC3C9 /* Project object */;
			proxyType = 1;
			remoteGlobalIDString = 2ADAA7581F72E00000FFC3C9;
			remoteInfo = draw_test;
		};
		2ADAA7791F72E00100FFC3C9 /* PBXContainerItemProxy */ = {
			isa = PBXContainerItemProxy;
			containerPortal = 2ADAA7511F72E00000FFC3C9 /* Project object */;
			proxyType = 1;
			remoteGlobalIDString = 2ADAA7581F72E00000FFC3C9;
			remoteInfo = draw_test;
		};
/* End PBXContainerItemProxy section */

/* Begin PBXFileReference section */
		2ADAA7591F72E00000FFC3C9 /* draw_test.app */ = {isa = PBXFileReference; explicitFileType = wrapper.application; includeInIndex = 0; path = draw_test.app; sourceTree = BUILT_PRODUCTS_DIR; };
		2ADAA75C1F72E00000FFC3C9 /* AppDelegate.swift */ = {isa = PBXFileReference; lastKnownFileType = sourcecode.swift; path = AppDelegate.swift; sourceTree = "<group>"; };
		2ADAA75E1F72E00000FFC3C9 /* ViewController.swift */ = {isa = PBXFileReference; lastKnownFileType = sourcecode.swift; path = ViewController.swift; sourceTree = "<group>"; };
		2ADAA7611F72E00000FFC3C9 /* Base */ = {isa = PBXFileReference; lastKnownFileType = file.storyboard; name = Base; path = Base.lproj/Main.storyboard; sourceTree = "<group>"; };
		2ADAA7631F72E00000FFC3C9 /* Assets.xcassets */ = {isa = PBXFileReference; lastKnownFileType = folder.assetcatalog; path = Assets.xcassets; sourceTree = "<group>"; };
		2ADAA7661F72E00000FFC3C9 /* Base */ = {isa = PBXFileReference; lastKnownFileType = file.storyboard; name = Base; path = Base.lproj/LaunchScreen.storyboard; sourceTree = "<group>"; };
		2ADAA7681F72E00000FFC3C9 /* Info.plist */ = {isa = PBXFileReference; lastKnownFileType = text.plist.xml; path = Info.plist; sourceTree = "<group>"; };
		2ADAA76D1F72E00000FFC3C9 /* draw_testTests.xctest */ = {isa = PBXFileReference; explicitFileType = wrapper.cfbundle; includeInIndex = 0; path = draw_testTests.xctest; sourceTree = BUILT_PRODUCTS_DIR; };
		2ADAA7711F72E00000FFC3C9 /* draw_testTests.swift */ = {isa = PBXFileReference; lastKnownFileType = sourcecode.swift; path = draw_testTests.swift; sourceTree = "<group>"; };
		2ADAA7731F72E00000FFC3C9 /* Info.plist */ = {isa = PBXFileReference; lastKnownFileType = text.plist.xml; path = Info.plist; sourceTree = "<group>"; };
		2ADAA7781F72E00100FFC3C9 /* draw_testUITests.xctest */ = {isa = PBXFileReference; explicitFileType = wrapper.cfbundle; includeInIndex = 0; path = draw_testUITests.xctest; sourceTree = BUILT_PRODUCTS_DIR; };
		2ADAA77C1F72E00100FFC3C9 /* draw_testUITests.swift */ = {isa = PBXFileReference; lastKnownFileType = sourcecode.swift; path = draw_testUITests.swift; sourceTree = "<group>"; };
		2ADAA77E1F72E00100FFC3C9 /* Info.plist */ = {isa = PBXFileReference; lastKnownFileType = text.plist.xml; path = Info.plist; sourceTree = "<group>"; };
/* End PBXFileReference section */

/* Begin PBXFrameworksBuildPhase section */
		2ADAA7561F72E00000FFC3C9 /* Frameworks */ = {
			isa = PBXFrameworksBuildPhase;
			buildActionMask = 2147483647;
			files = (
			);
			runOnlyForDeploymentPostprocessing = 0;
		};
		2ADAA76A1F72E00000FFC3C9 /* Frameworks */ = {
			isa = PBXFrameworksBuildPhase;
			buildActionMask = 2147483647;
			files = (
			);
			runOnlyForDeploymentPostprocessing = 0;
		};
		2ADAA7751F72E00100FFC3C9 /* Frameworks */ = {
			isa = PBXFrameworksBuildPhase;
			buildActionMask = 2147483647;
			files = (
			);
			runOnlyForDeploymentPostprocessing = 0;
		};
/* End PBXFrameworksBuildPhase section */

/* Begin PBXGroup section */
		2ADAA7501F72E00000FFC3C9 = {
			isa = PBXGroup;
			children = (
				2ADAA75B1F72E00000FFC3C9 /* draw_test */,
				2ADAA7701F72E00000FFC3C9 /* draw_testTests */,
				2ADAA77B1F72E00100FFC3C9 /* draw_testUITests */,
				2ADAA75A1F72E00000FFC3C9 /* Products */,
			);
			sourceTree = "<group>";
		};
		2ADAA75A1F72E00000FFC3C9 /* Products */ = {
			isa = PBXGroup;
			children = (
				2ADAA7591F72E00000FFC3C9 /* draw_test.app */,
				2ADAA76D1F72E00000FFC3C9 /* draw_testTests.xctest */,
				2ADAA7781F72E00100FFC3C9 /* draw_testUITests.xctest */,
			);
			name = Products;
			sourceTree = "<group>";
		};
		2ADAA75B1F72E00000FFC3C9 /* draw_test */ = {
			isa = PBXGroup;
			children = (
				2ADAA75C1F72E00000FFC3C9 /* AppDelegate.swift */,
				2ADAA75E1F72E00000FFC3C9 /* ViewController.swift */,
				2ADAA7601F72E00000FFC3C9 /* Main.storyboard */,
				2ADAA7631F72E00000FFC3C9 /* Assets.xcassets */,
				2ADAA7651F72E00000FFC3C9 /* LaunchScreen.storyboard */,
				2ADAA7681F72E00000FFC3C9 /* Info.plist */,
			);
			path = draw_test;
			sourceTree = "<group>";
		};
		2ADAA7701F72E00000FFC3C9 /* draw_testTests */ = {
			isa = PBXGroup;
			children = (
				2ADAA7711F72E00000FFC3C9 /* draw_testTests.swift */,
				2ADAA7731F72E00000FFC3C9 /* Info.plist */,
			);
			path = draw_testTests;
			sourceTree = "<group>";
		};
		2ADAA77B1F72E00100FFC3C9 /* draw_testUITests */ = {
			isa = PBXGroup;
			children = (
				2ADAA77C1F72E00100FFC3C9 /* draw_testUITests.swift */,
				2ADAA77E1F72E00100FFC3C9 /* Info.plist */,
			);
			path = draw_testUITests;
			sourceTree = "<group>";
		};
/* End PBXGroup section */

/* Begin PBXNativeTarget section */
		2ADAA7581F72E00000FFC3C9 /* draw_test */ = {
			isa = PBXNativeTarget;
			buildConfigurationList = 2ADAA7811F72E00100FFC3C9 /* Build configuration list for PBXNativeTarget "draw_test" */;
			buildPhases = (
				2ADAA7551F72E00000FFC3C9 /* Sources */,
				2ADAA7561F72E00000FFC3C9 /* Frameworks */,
				2ADAA7571F72E00000FFC3C9 /* Resources */,
			);
			buildRules = (
			);
			dependencies = (
			);
			name = draw_test;
			productName = draw_test;
			productReference = 2ADAA7591F72E00000FFC3C9 /* draw_test.app */;
			productType = "com.apple.product-type.application";
		};
		2ADAA76C1F72E00000FFC3C9 /* draw_testTests */ = {
			isa = PBXNativeTarget;
			buildConfigurationList = 2ADAA7841F72E00100FFC3C9 /* Build configuration list for PBXNativeTarget "draw_testTests" */;
			buildPhases = (
				2ADAA7691F72E00000FFC3C9 /* Sources */,
				2ADAA76A1F72E00000FFC3C9 /* Frameworks */,
				2ADAA76B1F72E00000FFC3C9 /* Resources */,
			);
			buildRules = (
			);
			dependencies = (
				2ADAA76F1F72E00000FFC3C9 /* PBXTargetDependency */,
			);
			name = draw_testTests;
			productName = draw_testTests;
			productReference = 2ADAA76D1F72E00000FFC3C9 /* draw_testTests.xctest */;
			productType = "com.apple.product-type.bundle.unit-test";
		};
		2ADAA7771F72E00100FFC3C9 /* draw_testUITests */ = {
			isa = PBXNativeTarget;
			buildConfigurationList = 2ADAA7871F72E00100FFC3C9 /* Build configuration list for PBXNativeTarget "draw_testUITests" */;
			buildPhases = (
				2ADAA7741F72E00100FFC3C9 /* Sources */,
				2ADAA7751F72E00100FFC3C9 /* Frameworks */,
				2ADAA7761F72E00100FFC3C9 /* Resources */,
			);
			buildRules = (
			);
			dependencies = (
				2ADAA77A1F72E00100FFC3C9 /* PBXTargetDependency */,
			);
			name = draw_testUITests;
			productName = draw_testUITests;
			productReference = 2ADAA7781F72E00100FFC3C9 /* draw_testUITests.xctest */;
			productType = "com.apple.product-type.bundle.ui-testing";
		};
/* End PBXNativeTarget section */

/* Begin PBXProject section */
		2ADAA7511F72E00000FFC3C9 /* Project object */ = {
			isa = PBXProject;
			attributes = {
				LastSwiftUpdateCheck = 0830;
				LastUpgradeCheck = 0830;
				ORGANIZATIONNAME = thexande;
				TargetAttributes = {
					2ADAA7581F72E00000FFC3C9 = {
						CreatedOnToolsVersion = 8.3.1;
						DevelopmentTeam = 94CBLBTDEH;
						ProvisioningStyle = Automatic;
					};
					2ADAA76C1F72E00000FFC3C9 = {
						CreatedOnToolsVersion = 8.3.1;
						ProvisioningStyle = Automatic;
						TestTargetID = 2ADAA7581F72E00000FFC3C9;
					};
					2ADAA7771F72E00100FFC3C9 = {
						CreatedOnToolsVersion = 8.3.1;
						ProvisioningStyle = Automatic;
						TestTargetID = 2ADAA7581F72E00000FFC3C9;
					};
				};
			};
			buildConfigurationList = 2ADAA7541F72E00000FFC3C9 /* Build configuration list for PBXProject "draw_test" */;
			compatibilityVersion = "Xcode 3.2";
			developmentRegion = English;
			hasScannedForEncodings = 0;
			knownRegions = (
				en,
				Base,
			);
			mainGroup = 2ADAA7501F72E00000FFC3C9;
			productRefGroup = 2ADAA75A1F72E00000FFC3C9 /* Products */;
			projectDirPath = "";
			projectRoot = "";
			targets = (
				2ADAA7581F72E00000FFC3C9 /* draw_test */,
				2ADAA76C1F72E00000FFC3C9 /* draw_testTests */,
				2ADAA7771F72E00100FFC3C9 /* draw_testUITests */,
			);
		};
/* End PBXProject section */

/* Begin PBXResourcesBuildPhase section */
		2ADAA7571F72E00000FFC3C9 /* Resources */ = {
			isa = PBXResourcesBuildPhase;
			buildActionMask = 2147483647;
			files = (
				2ADAA7671F72E00000FFC3C9 /* LaunchScreen.storyboard in Resources */,
				2ADAA7641F72E00000FFC3C9 /* Assets.xcassets in Resources */,
				2ADAA7621F72E00000FFC3C9 /* Main.storyboard in Resources */,
			);
			runOnlyForDeploymentPostprocessing = 0;
		};
		2ADAA76B1F72E00000FFC3C9 /* Resources */ = {
			isa = PBXResourcesBuildPhase;
			buildActionMask = 2147483647;
			files = (
			);
			runOnlyForDeploymentPostprocessing = 0;
		};
		2ADAA7761F72E00100FFC3C9 /* Resources */ = {
			isa = PBXResourcesBuildPhase;
			buildActionMask = 2147483647;
			files = (
			);
			runOnlyForDeploymentPostprocessing = 0;
		};
/* End PBXResourcesBuildPhase section */

/* Begin PBXSourcesBuildPhase section */
		2ADAA7551F72E00000FFC3C9 /* Sources */ = {
			isa = PBXSourcesBuildPhase;
			buildActionMask = 2147483647;
			files = (
				2ADAA75F1F72E00000FFC3C9 /* ViewController.swift in Sources */,
				2ADAA75D1F72E00000FFC3C9 /* AppDelegate.swift in Sources */,
			);
			runOnlyForDeploymentPostprocessing = 0;
		};
		2ADAA7691F72E00000FFC3C9 /* Sources */ = {
			isa = PBXSourcesBuildPhase;
			buildActionMask = 2147483647;
			files = (
				2ADAA7721F72E00000FFC3C9 /* draw_testTests.swift in Sources */,
			);
			runOnlyForDeploymentPostprocessing = 0;
		};
		2ADAA7741F72E00100FFC3C9 /* Sources */ = {
			isa = PBXSourcesBuildPhase;
			buildActionMask = 2147483647;
			files = (
				2ADAA77D1F72E00100FFC3C9 /* draw_testUITests.swift in Sources */,
			);
			runOnlyForDeploymentPostprocessing = 0;
		};
/* End PBXSourcesBuildPhase section */

/* Begin PBXTargetDependency section */
		2ADAA76F1F72E00000FFC3C9 /* PBXTargetDependency */ = {
			isa = PBXTargetDependency;
			target = 2ADAA7581F72E00000FFC3C9 /* draw_test */;
			targetProxy = 2ADAA76E1F72E00000FFC3C9 /* PBXContainerItemProxy */;
		};
		2ADAA77A1F72E00100FFC3C9 /* PBXTargetDependency */ = {
			isa = PBXTargetDependency;
			target = 2ADAA7581F72E00000FFC3C9 /* draw_test */;
			targetProxy = 2ADAA7791F72E00100FFC3C9 /* PBXContainerItemProxy */;
		};
/* End PBXTargetDependency section */

/* Begin PBXVariantGroup section */
		2ADAA7601F72E00000FFC3C9 /* Main.storyboard */ = {
			isa = PBXVariantGroup;
			children = (
				2ADAA7611F72E00000FFC3C9 /* Base */,
			);
			name = Main.storyboard;
			sourceTree = "<group>";
		};
		2ADAA7651F72E00000FFC3C9 /* LaunchScreen.storyboard */ = {
			isa = PBXVariantGroup;
			children = (
				2ADAA7661F72E00000FFC3C9 /* Base */,
			);
			name = LaunchScreen.storyboard;
			sourceTree = "<group>";
		};
/* End PBXVariantGroup section */

/* Begin XCBuildConfiguration section */
		2ADAA77F1F72E00100FFC3C9 /* Debug */ = {
			isa = XCBuildConfiguration;
			buildSettings = {
				ALWAYS_SEARCH_USER_PATHS = NO;
				CLANG_ANALYZER_NONNULL = YES;
				CLANG_ANALYZER_NUMBER_OBJECT_CONVERSION = YES_AGGRESSIVE;
				CLANG_CXX_LANGUAGE_STANDARD = "gnu++0x";
				CLANG_CXX_LIBRARY = "libc++";
				CLANG_ENABLE_MODULES = YES;
				CLANG_ENABLE_OBJC_ARC = YES;
				CLANG_WARN_BOOL_CONVERSION = YES;
				CLANG_WARN_CONSTANT_CONVERSION = YES;
				CLANG_WARN_DIRECT_OBJC_ISA_USAGE = YES_ERROR;
				CLANG_WARN_DOCUMENTATION_COMMENTS = YES;
				CLANG_WARN_EMPTY_BODY = YES;
				CLANG_WARN_ENUM_CONVERSION = YES;
				CLANG_WARN_INFINITE_RECURSION = YES;
				CLANG_WARN_INT_CONVERSION = YES;
				CLANG_WARN_OBJC_ROOT_CLASS = YES_ERROR;
				CLANG_WARN_SUSPICIOUS_MOVE = YES;
				CLANG_WARN_UNREACHABLE_CODE = YES;
				CLANG_WARN__DUPLICATE_METHOD_MATCH = YES;
				"CODE_SIGN_IDENTITY[sdk=iphoneos*]" = "iPhone Developer";
				COPY_PHASE_STRIP = NO;
				DEBUG_INFORMATION_FORMAT = dwarf;
				ENABLE_STRICT_OBJC_MSGSEND = YES;
				ENABLE_TESTABILITY = YES;
				GCC_C_LANGUAGE_STANDARD = gnu99;
				GCC_DYNAMIC_NO_PIC = NO;
				GCC_NO_COMMON_BLOCKS = YES;
				GCC_OPTIMIZATION_LEVEL = 0;
				GCC_PREPROCESSOR_DEFINITIONS = (
					"DEBUG=1",
					"$(inherited)",
				);
				GCC_WARN_64_TO_32_BIT_CONVERSION = YES;
				GCC_WARN_ABOUT_RETURN_TYPE = YES_ERROR;
				GCC_WARN_UNDECLARED_SELECTOR = YES;
				GCC_WARN_UNINITIALIZED_AUTOS = YES_AGGRESSIVE;
				GCC_WARN_UNUSED_FUNCTION = YES;
				GCC_WARN_UNUSED_VARIABLE = YES;
				IPHONEOS_DEPLOYMENT_TARGET = 10.3;
				MTL_ENABLE_DEBUG_INFO = YES;
				ONLY_ACTIVE_ARCH = YES;
				SDKROOT = iphoneos;
				SWIFT_ACTIVE_COMPILATION_CONDITIONS = DEBUG;
				SWIFT_OPTIMIZATION_LEVEL = "-Onone";
				TARGETED_DEVICE_FAMILY = "1,2";
			};
			name = Debug;
		};
		2ADAA7801F72E00100FFC3C9 /* Release */ = {
			isa = XCBuildConfiguration;
			buildSettings = {
				ALWAYS_SEARCH_USER_PATHS = NO;
				CLANG_ANALYZER_NONNULL = YES;
				CLANG_ANALYZER_NUMBER_OBJECT_CONVERSION = YES_AGGRESSIVE;
				CLANG_CXX_LANGUAGE_STANDARD = "gnu++0x";
				CLANG_CXX_LIBRARY = "libc++";
				CLANG_ENABLE_MODULES = YES;
				CLANG_ENABLE_OBJC_ARC = YES;
				CLANG_WARN_BOOL_CONVERSION = YES;
				CLANG_WARN_CONSTANT_CONVERSION = YES;
				CLANG_WARN_DIRECT_OBJC_ISA_USAGE = YES_ERROR;
				CLANG_WARN_DOCUMENTATION_COMMENTS = YES;
				CLANG_WARN_EMPTY_BODY = YES;
				CLANG_WARN_ENUM_CONVERSION = YES;
				CLANG_WARN_INFINITE_RECURSION = YES;
				CLANG_WARN_INT_CONVERSION = YES;
				CLANG_WARN_OBJC_ROOT_CLASS = YES_ERROR;
				CLANG_WARN_SUSPICIOUS_MOVE = YES;
				CLANG_WARN_UNREACHABLE_CODE = YES;
				CLANG_WARN__DUPLICATE_METHOD_MATCH = YES;
				"CODE_SIGN_IDENTITY[sdk=iphoneos*]" = "iPhone Developer";
				COPY_PHASE_STRIP = NO;
				DEBUG_INFORMATION_FORMAT = "dwarf-with-dsym";
				ENABLE_NS_ASSERTIONS = NO;
				ENABLE_STRICT_OBJC_MSGSEND = YES;
				GCC_C_LANGUAGE_STANDARD = gnu99;
				GCC_NO_COMMON_BLOCKS = YES;
				GCC_WARN_64_TO_32_BIT_CONVERSION = YES;
				GCC_WARN_ABOUT_RETURN_TYPE = YES_ERROR;
				GCC_WARN_UNDECLARED_SELECTOR = YES;
				GCC_WARN_UNINITIALIZED_AUTOS = YES_AGGRESSIVE;
				GCC_WARN_UNUSED_FUNCTION = YES;
				GCC_WARN_UNUSED_VARIABLE = YES;
				IPHONEOS_DEPLOYMENT_TARGET = 10.3;
				MTL_ENABLE_DEBUG_INFO = NO;
				SDKROOT = iphoneos;
				SWIFT_OPTIMIZATION_LEVEL = "-Owholemodule";
				TARGETED_DEVICE_FAMILY = "1,2";
				VALIDATE_PRODUCT = YES;
			};
			name = Release;
		};
		2ADAA7821F72E00100FFC3C9 /* Debug */ = {
			isa = XCBuildConfiguration;
			buildSettings = {
				ASSETCATALOG_COMPILER_APPICON_NAME = AppIcon;
				DEVELOPMENT_TEAM = 94CBLBTDEH;
				INFOPLIST_FILE = draw_test/Info.plist;
				LD_RUNPATH_SEARCH_PATHS = "$(inherited) @executable_path/Frameworks";
				PRODUCT_BUNDLE_IDENTIFIER = "com.thexande.draw-test";
				PRODUCT_NAME = "$(TARGET_NAME)";
				SWIFT_VERSION = 3.0;
			};
			name = Debug;
		};
		2ADAA7831F72E00100FFC3C9 /* Release */ = {
			isa = XCBuildConfiguration;
			buildSettings = {
				ASSETCATALOG_COMPILER_APPICON_NAME = AppIcon;
				DEVELOPMENT_TEAM = 94CBLBTDEH;
				INFOPLIST_FILE = draw_test/Info.plist;
				LD_RUNPATH_SEARCH_PATHS = "$(inherited) @executable_path/Frameworks";
				PRODUCT_BUNDLE_IDENTIFIER = "com.thexande.draw-test";
				PRODUCT_NAME = "$(TARGET_NAME)";
				SWIFT_VERSION = 3.0;
			};
			name = Release;
		};
		2ADAA7851F72E00100FFC3C9 /* Debug */ = {
			isa = XCBuildConfiguration;
			buildSettings = {
				ALWAYS_EMBED_SWIFT_STANDARD_LIBRARIES = YES;
				BUNDLE_LOADER = "$(TEST_HOST)";
				INFOPLIST_FILE = draw_testTests/Info.plist;
				LD_RUNPATH_SEARCH_PATHS = "$(inherited) @executable_path/Frameworks @loader_path/Frameworks";
				PRODUCT_BUNDLE_IDENTIFIER = "com.thexande.draw-testTests";
				PRODUCT_NAME = "$(TARGET_NAME)";
				SWIFT_VERSION = 3.0;
				TEST_HOST = "$(BUILT_PRODUCTS_DIR)/draw_test.app/draw_test";
			};
			name = Debug;
		};
		2ADAA7861F72E00100FFC3C9 /* Release */ = {
			isa = XCBuildConfiguration;
			buildSettings = {
				ALWAYS_EMBED_SWIFT_STANDARD_LIBRARIES = YES;
				BUNDLE_LOADER = "$(TEST_HOST)";
				INFOPLIST_FILE = draw_testTests/Info.plist;
				LD_RUNPATH_SEARCH_PATHS = "$(inherited) @executable_path/Frameworks @loader_path/Frameworks";
				PRODUCT_BUNDLE_IDENTIFIER = "com.thexande.draw-testTests";
				PRODUCT_NAME = "$(TARGET_NAME)";
				SWIFT_VERSION = 3.0;
				TEST_HOST = "$(BUILT_PRODUCTS_DIR)/draw_test.app/draw_test";
			};
			name = Release;
		};
		2ADAA7881F72E00100FFC3C9 /* Debug */ = {
			isa = XCBuildConfiguration;
			buildSettings = {
				ALWAYS_EMBED_SWIFT_STANDARD_LIBRARIES = YES;
				INFOPLIST_FILE = draw_testUITests/Info.plist;
				LD_RUNPATH_SEARCH_PATHS = "$(inherited) @executable_path/Frameworks @loader_path/Frameworks";
				PRODUCT_BUNDLE_IDENTIFIER = "com.thexande.draw-testUITests";
				PRODUCT_NAME = "$(TARGET_NAME)";
				SWIFT_VERSION = 3.0;
				TEST_TARGET_NAME = draw_test;
			};
			name = Debug;
		};
		2ADAA7891F72E00100FFC3C9 /* Release */ = {
			isa = XCBuildConfiguration;
			buildSettings = {
				ALWAYS_EMBED_SWIFT_STANDARD_LIBRARIES = YES;
				INFOPLIST_FILE = draw_testUITests/Info.plist;
				LD_RUNPATH_SEARCH_PATHS = "$(inherited) @executable_path/Frameworks @loader_path/Frameworks";
				PRODUCT_BUNDLE_IDENTIFIER = "com.thexande.draw-testUITests";
				PRODUCT_NAME = "$(TARGET_NAME)";
				SWIFT_VERSION = 3.0;
				TEST_TARGET_NAME = draw_test;
			};
			name = Release;
		};
/* End XCBuildConfiguration section */

/* Begin XCConfigurationList section */
		2ADAA7541F72E00000FFC3C9 /* Build configuration list for PBXProject "draw_test" */ = {
			isa = XCConfigurationList;
			buildConfigurations = (
				2ADAA77F1F72E00100FFC3C9 /* Debug */,
				2ADAA7801F72E00100FFC3C9 /* Release */,
			);
			defaultConfigurationIsVisible = 0;
			defaultConfigurationName = Release;
		};
		2ADAA7811F72E00100FFC3C9 /* Build configuration list for PBXNativeTarget "draw_test" */ = {
			isa = XCConfigurationList;
			buildConfigurations = (
				2ADAA7821F72E00100FFC3C9 /* Debug */,
				2ADAA7831F72E00100FFC3C9 /* Release */,
			);
			defaultConfigurationIsVisible = 0;
		};
		2ADAA7841F72E00100FFC3C9 /* Build configuration list for PBXNativeTarget "draw_testTests" */ = {
			isa = XCConfigurationList;
			buildConfigurations = (
				2ADAA7851F72E00100FFC3C9 /* Debug */,
				2ADAA7861F72E00100FFC3C9 /* Release */,
			);
			defaultConfigurationIsVisible = 0;
		};
		2ADAA7871F72E00100FFC3C9 /* Build configuration list for PBXNativeTarget "draw_testUITests" */ = {
			isa = XCConfigurationList;
			buildConfigurations = (
				2ADAA7881F72E00100FFC3C9 /* Debug */,
				2ADAA7891F72E00100FFC3C9 /* Release */,
			);
			defaultConfigurationIsVisible = 0;
		};
/* End XCConfigurationList section */
	};
	rootObject = 2ADAA7511F72E00000FFC3C9 /* Project object */;
}
